lockfileVersion: 5.4

importers:

  .:
    specifiers:
      esbuild: ^0.15.0
      minimist: ^1.2.6
      typescript: ^4.7.4
    devDependencies:
      esbuild: 0.15.0
      minimist: 1.2.6
      typescript: 4.7.4

packages:

  /@esbuild/linux-loong64/0.15.0:
    resolution: {integrity: sha512-7ChD3qsxRPIPp9bfjspZiM/x8B1UZL7IKwp0YdnC1kKsDCB5Q8/TexedeeEbkI9inlunu8Lll2lP2wnkiXTCLA==}
    engines: {node: '>=12'}
    cpu: [loong64]
    os: [linux]
    requiresBuild: true
    dev: true
    optional: true

  /esbuild-android-64/0.15.0:
    resolution: {integrity: sha512-A9wa6quw4nYIhCDH6rudxSTOAIfSOYU3eME8ZkfP21P+WTxz0pFORFDuBjVAcLhkora3bDc23C8UeloKiiQPOg==}
    engines: {node: '>=12'}
    cpu: [x64]
    os: [android]
    requiresBuild: true
    dev: true
    optional: true

  /esbuild-android-arm64/0.15.0:
    resolution: {integrity: sha512-ujdverhuFUfW99HdF+L9n1wzG950lVL1AJVc1SEbJRaQC22tVq9xXNXkLLq7v4hSZWrdz/MT3hwhnQF0KTMxNg==}
    engines: {node: '>=12'}
    cpu: [arm64]
    os: [android]
    requiresBuild: true
    dev: true
    optional: true

  /esbuild-darwin-64/0.15.0:
    resolution: {integrity: sha512-aA5SVtXCetQ9ChREG8xDdzv43XGbdz+u4AxQgQZrRu0gXD3yJfawfZgquaej3CxVAlrOgBPbu5z+tA5SVhXAxQ==}
    engines: {node: '>=12'}
    cpu: [x64]
    os: [darwin]
    requiresBuild: true
    dev: true
    optional: true

  /esbuild-darwin-arm64/0.15.0:
    resolution: {integrity: sha512-CaxPS5JUQpldeIMVqw0K+vlGfyMphvtIWugPMyXPGTDmUAcWXSha1QRgJ5Fxa9d/cC4DKeC8L8/q7ClzinXxfA==}
    engines: {node: '>=12'}
    cpu: [arm64]
    os: [darwin]
    requiresBuild: true
    dev: true
    optional: true

  /esbuild-freebsd-64/0.15.0:
    resolution: {integrity: sha512-O9yvjry2bmX8sxx42JfwW6g/usZ0e3ndfb3+bquu20qkuEfDodqHNzotOjaKSREvxpw+Ub1zNtXvA/FFekSaOA==}
    engines: {node: '>=12'}
    cpu: [x64]
    os: [freebsd]
    requiresBuild: true
    dev: true
    optional: true

  /esbuild-freebsd-arm64/0.15.0:
    resolution: {integrity: sha512-Zv8bNAG1lYyCtWi+PVndgys6KRBe5hQgD81tK3zdZ6XEitpCPwF8QShYbV8RacG1YBD7aHKSoWKGkT9+5bMGhw==}
    engines: {node: '>=12'}
    cpu: [arm64]
    os: [freebsd]
    requiresBuild: true
    dev: true
    optional: true

  /esbuild-linux-32/0.15.0:
    resolution: {integrity: sha512-QZqCG55D5Wof1WmBJMuihNroLM9S2oDXGkqB0ZHMA67CQw+3cAwWxOKW36n6VFaKiE4MhvUuW7jI+lr2D7nXQQ==}
    engines: {node: '>=12'}
    cpu: [ia32]
    os: [linux]
    requiresBuild: true
    dev: true
    optional: true

  /esbuild-linux-64/0.15.0:
    resolution: {integrity: sha512-cmB2vAUWf9W8768H0DuOi6VUrQPCinx/oYhRbuR1TZj873vg1GTqc55LAh1cYCC0xEMd9MjO4YfI43OX4ewI1w==}
    engines: {node: '>=12'}
    cpu: [x64]
    os: [linux]
    requiresBuild: true
    dev: true
    optional: true

  /esbuild-linux-arm/0.15.0:
    resolution: {integrity: sha512-UyY0Vqd9ngfeWBeJrrqHiXf4ozqXxzNT8ebdNt1ay5hfu/uXes3eVkt1YHP2dcxG/APPE4XDxvKlx0SoSwHP6Q==}
    engines: {node: '>=12'}
    cpu: [arm]
    os: [linux]
    requiresBuild: true
    dev: true
    optional: true

  /esbuild-linux-arm64/0.15.0:
    resolution: {integrity: sha512-bJc8k64Lss+2V8yx9kh4Q48SYPR/k0kxyep2pmvzaGm+AreeMnXI0J33zF4tU/OW9r3pwa74F3/MxF6x275Yhg==}
    engines: {node: '>=12'}
    cpu: [arm64]
    os: [linux]
    requiresBuild: true
    dev: true
    optional: true

  /esbuild-linux-mips64le/0.15.0:
    resolution: {integrity: sha512-NoOxC4a1XfM4/zGBIujIuxhPVWvS6UgqE/ksyjZ6qgHQD9lWVjcEv3iPEKKIuHXPE1s+YHvJrdXVup96aVvflQ==}
    engines: {node: '>=12'}
    cpu: [mips64el]
    os: [linux]
    requiresBuild: true
    dev: true
    optional: true

  /esbuild-linux-ppc64le/0.15.0:
    resolution: {integrity: sha512-OUkEhJAYPaYPvHZxjgnJhWB0qD8q8l1q8CnGLngmPAxb9WZrFwPYmykWBTSqGXeG08stScpkIQXy4HTSF8rH+w==}
    engines: {node: '>=12'}
    cpu: [ppc64]
    os: [linux]
    requiresBuild: true
    dev: true
    optional: true

  /esbuild-linux-riscv64/0.15.0:
    resolution: {integrity: sha512-DuSujKNrdCN+kvA0+BBS/ULaINuOeI0iU9XzhIRtTCR5cFJWd6aQTHluKEc3C/a/ib2KTVNjM21cUHi4Tj0NZA==}
    engines: {node: '>=12'}
    cpu: [riscv64]
    os: [linux]
    requiresBuild: true
    dev: true
    optional: true

  /esbuild-linux-s390x/0.15.0:
    resolution: {integrity: sha512-ttGGhgXRpJbsD+XXS2NIBThuEh8EvAJEnVQ9vzXviniPuvpuwKLFNBRPqtX3gE5o2bUQnh5ZugmDVuD9GW2ROg==}
    engines: {node: '>=12'}
    cpu: [s390x]
    os: [linux]
    requiresBuild: true
    dev: true
    optional: true

  /esbuild-netbsd-64/0.15.0:
    resolution: {integrity: sha512-rb6sIQ/gZeQNrgplSLJ0zLirLwr3vQCzbL1jb0Ypay83Uup2s+OEI+Vw+oJ2SomrhVyOPwk/R4AY713bJKdLsQ==}
    engines: {node: '>=12'}
    cpu: [x64]
    os: [netbsd]
    requiresBuild: true
    dev: true
    optional: true

  /esbuild-openbsd-64/0.15.0:
    resolution: {integrity: sha512-CeU7hw291UJQpNg/oJLefmM9Rdeddo2ya9Vw9hdDrUyZAAZckqVRLDh9t4OdqJuXFdlo6BM2qhZCcY22O7wfGg==}
    engines: {node: '>=12'}
    cpu: [x64]
    os: [openbsd]
    requiresBuild: true
    dev: true
    optional: true

  /esbuild-sunos-64/0.15.0:
    resolution: {integrity: sha512-nE7EcgDw9RT4fR+GJZ5a0spPb2HKT77viCjrGl6GSeb/n3RhxGgVGwPQDI/KRwyVeQMqEOTtHQMNPwNr9TKDDQ==}
    engines: {node: '>=12'}
    cpu: [x64]
    os: [sunos]
    requiresBuild: true
    dev: true
    optional: true

  /esbuild-windows-32/0.15.0:
    resolution: {integrity: sha512-FUPwJmPwBoqe8ShhOMfHtSElh1Nyc3s+Kru3m7lDJCjNr3ctx9YJKuzRsz4UXow6Wo79LMQGNyjysQ7UuKgvHQ==}
    engines: {node: '>=12'}
    cpu: [ia32]
    os: [win32]
    requiresBuild: true
    dev: true
    optional: true

  /esbuild-windows-64/0.15.0:
    resolution: {integrity: sha512-zNM5bSVOY0SzMFB6k3ZdMwg4JmLVLpEmgVd2fU2STDmEOXdY1APAFPVWkbWMtLF/nfLfaJLfps7+IIJgGyQbGA==}
    engines: {node: '>=12'}
    cpu: [x64]
    os: [win32]
    requiresBuild: true
    dev: true
    optional: true

  /esbuild-windows-arm64/0.15.0:
    resolution: {integrity: sha512-sqhmDwUhUULUnViLD7jAqo4FaOhLN/FMW+dFVSvxSTA9pZSr2w6efky91vTWOcTUmspvYyHyOrJmtktp1ffIaw==}
    engines: {node: '>=12'}
    cpu: [arm64]
    os: [win32]
    requiresBuild: true
    dev: true
    optional: true

  /esbuild/0.15.0:
    resolution: {integrity: sha512-UUDSelGc/EOhzn0zpkdhLA3iB+jq2OS5gnMUMz/BqAKBIsWR2fTHqrddNPt2PNj3OUchqcMcTHSUBr+VpYpcsQ==}
    engines: {node: '>=12'}
    hasBin: true
    requiresBuild: true
    optionalDependencies:
      '@esbuild/linux-loong64': 0.15.0
      esbuild-android-64: 0.15.0
      esbuild-android-arm64: 0.15.0
      esbuild-darwin-64: 0.15.0
      esbuild-darwin-arm64: 0.15.0
      esbuild-freebsd-64: 0.15.0
      esbuild-freebsd-arm64: 0.15.0
      esbuild-linux-32: 0.15.0
      esbuild-linux-64: 0.15.0
      esbuild-linux-arm: 0.15.0
      esbuild-linux-arm64: 0.15.0
      esbuild-linux-mips64le: 0.15.0
      esbuild-linux-ppc64le: 0.15.0
      esbuild-linux-riscv64: 0.15.0
      esbuild-linux-s390x: 0.15.0
      esbuild-netbsd-64: 0.15.0
      esbuild-openbsd-64: 0.15.0
      esbuild-sunos-64: 0.15.0
      esbuild-windows-32: 0.15.0
      esbuild-windows-64: 0.15.0
      esbuild-windows-arm64: 0.15.0
    dev: true

  /minimist/1.2.6:
    resolution: {integrity: sha512-Jsjnk4bw3YJqYzbdyBiNsPWHPfO++UGG749Cxs6peCu5Xg4nrena6OVxOYxrQTqww0Jmwt+Ref8rggumkTLz9Q==}
    dev: true

  /typescript/4.7.4:
    resolution: {integrity: sha512-C0WQT0gezHuw6AdY1M2jxUO83Rjf0HP7Sk1DtXj6j1EwkQNZrHAg2XPWlq62oqEhYvONq5pkC2Y9oPljWToLmQ==}
    engines: {node: '>=4.2.0'}
    hasBin: true
    dev: true
