lockfileVersion: 5.4

importers:

  .:
    specifiers:
      esbuild: ^0.15.0
      minimist: ^1.2.6
      typescript: ^4.7.4
      vue: ^3.2.37
    dependencies:
      vue: 3.2.37
    devDependencies:
      esbuild: 0.15.0
      minimist: 1.2.6
      typescript: 4.7.4

packages:

  /@babel/helper-string-parser/7.18.10:
    resolution: {integrity: sha512-XtIfWmeNY3i4t7t4D2t02q50HvqHybPqW2ki1kosnvWCwuCMeo81Jf0gwr85jy/neUdg5XDdeFE/80DXiO+njw==}
    engines: {node: '>=6.9.0'}
    dev: false

  /@babel/helper-validator-identifier/7.18.6:
    resolution: {integrity: sha512-MmetCkz9ej86nJQV+sFCxoGGrUbU3q02kgLciwkrt9QqEB7cP39oKEY0PakknEO0Gu20SskMRi+AYZ3b1TpN9g==}
    engines: {node: '>=6.9.0'}
    dev: false

  /@babel/parser/7.18.11:
    resolution: {integrity: sha512-9JKn5vN+hDt0Hdqn1PiJ2guflwP+B6Ga8qbDuoF0PzzVhrzsKIJo8yGqVk6CmMHiMei9w1C1Bp9IMJSIK+HPIQ==}
    engines: {node: '>=6.0.0'}
    hasBin: true
    dependencies:
      '@babel/types': 7.18.10
    dev: false

  /@babel/types/7.18.10:
    resolution: {integrity: sha512-MJvnbEiiNkpjo+LknnmRrqbY1GPUUggjv+wQVjetM/AONoupqRALB7I6jGqNUAZsKcRIEu2J6FRFvsczljjsaQ==}
    engines: {node: '>=6.9.0'}
    dependencies:
      '@babel/helper-string-parser': 7.18.10
      '@babel/helper-validator-identifier': 7.18.6
      to-fast-properties: 2.0.0
    dev: false

  /@esbuild/linux-loong64/0.15.0:
    resolution: {integrity: sha512-7ChD3qsxRPIPp9bfjspZiM/x8B1UZL7IKwp0YdnC1kKsDCB5Q8/TexedeeEbkI9inlunu8Lll2lP2wnkiXTCLA==}
    engines: {node: '>=12'}
    cpu: [loong64]
    os: [linux]
    requiresBuild: true
    dev: true
    optional: true

  /@vue/compiler-core/3.2.37:
    resolution: {integrity: sha512-81KhEjo7YAOh0vQJoSmAD68wLfYqJvoiD4ulyedzF+OEk/bk6/hx3fTNVfuzugIIaTrOx4PGx6pAiBRe5e9Zmg==}
    dependencies:
      '@babel/parser': 7.18.11
      '@vue/shared': 3.2.37
      estree-walker: 2.0.2
      source-map: 0.6.1
    dev: false

  /@vue/compiler-dom/3.2.37:
    resolution: {integrity: sha512-yxJLH167fucHKxaqXpYk7x8z7mMEnXOw3G2q62FTkmsvNxu4FQSu5+3UMb+L7fjKa26DEzhrmCxAgFLLIzVfqQ==}
    dependencies:
      '@vue/compiler-core': 3.2.37
      '@vue/shared': 3.2.37
    dev: false

  /@vue/compiler-sfc/3.2.37:
    resolution: {integrity: sha512-+7i/2+9LYlpqDv+KTtWhOZH+pa8/HnX/905MdVmAcI/mPQOBwkHHIzrsEsucyOIZQYMkXUiTkmZq5am/NyXKkg==}
    dependencies:
      '@babel/parser': 7.18.11
      '@vue/compiler-core': 3.2.37
      '@vue/compiler-dom': 3.2.37
      '@vue/compiler-ssr': 3.2.37
      '@vue/reactivity-transform': 3.2.37
      '@vue/shared': 3.2.37
      estree-walker: 2.0.2
      magic-string: 0.25.9
      postcss: 8.4.16
      source-map: 0.6.1
    dev: false

  /@vue/compiler-ssr/3.2.37:
    resolution: {integrity: sha512-7mQJD7HdXxQjktmsWp/J67lThEIcxLemz1Vb5I6rYJHR5vI+lON3nPGOH3ubmbvYGt8xEUaAr1j7/tIFWiEOqw==}
    dependencies:
      '@vue/compiler-dom': 3.2.37
      '@vue/shared': 3.2.37
    dev: false

  /@vue/reactivity-transform/3.2.37:
    resolution: {integrity: sha512-IWopkKEb+8qpu/1eMKVeXrK0NLw9HicGviJzhJDEyfxTR9e1WtpnnbYkJWurX6WwoFP0sz10xQg8yL8lgskAZg==}
    dependencies:
      '@babel/parser': 7.18.11
      '@vue/compiler-core': 3.2.37
      '@vue/shared': 3.2.37
      estree-walker: 2.0.2
      magic-string: 0.25.9
    dev: false

  /@vue/reactivity/3.2.37:
    resolution: {integrity: sha512-/7WRafBOshOc6m3F7plwzPeCu/RCVv9uMpOwa/5PiY1Zz+WLVRWiy0MYKwmg19KBdGtFWsmZ4cD+LOdVPcs52A==}
    dependencies:
      '@vue/shared': 3.2.37
    dev: false

  /@vue/runtime-core/3.2.37:
    resolution: {integrity: sha512-JPcd9kFyEdXLl/i0ClS7lwgcs0QpUAWj+SKX2ZC3ANKi1U4DOtiEr6cRqFXsPwY5u1L9fAjkinIdB8Rz3FoYNQ==}
    dependencies:
      '@vue/reactivity': 3.2.37
      '@vue/shared': 3.2.37
    dev: false

  /@vue/runtime-dom/3.2.37:
    resolution: {integrity: sha512-HimKdh9BepShW6YozwRKAYjYQWg9mQn63RGEiSswMbW+ssIht1MILYlVGkAGGQbkhSh31PCdoUcfiu4apXJoPw==}
    dependencies:
      '@vue/runtime-core': 3.2.37
      '@vue/shared': 3.2.37
      csstype: 2.6.20
    dev: false

  /@vue/server-renderer/3.2.37_vue@3.2.37:
    resolution: {integrity: sha512-kLITEJvaYgZQ2h47hIzPh2K3jG8c1zCVbp/o/bzQOyvzaKiCquKS7AaioPI28GNxIsE/zSx+EwWYsNxDCX95MA==}
    peerDependencies:
      vue: 3.2.37
    dependencies:
      '@vue/compiler-ssr': 3.2.37
      '@vue/shared': 3.2.37
      vue: 3.2.37
    dev: false

  /@vue/shared/3.2.37:
    resolution: {integrity: sha512-4rSJemR2NQIo9Klm1vabqWjD8rs/ZaJSzMxkMNeJS6lHiUjjUeYFbooN19NgFjztubEKh3WlZUeOLVdbbUWHsw==}
    dev: false

  /csstype/2.6.20:
    resolution: {integrity: sha512-/WwNkdXfckNgw6S5R125rrW8ez139lBHWouiBvX8dfMFtcn6V81REDqnH7+CRpRipfYlyU1CmOnOxrmGcFOjeA==}
    dev: false

  /esbuild-android-64/0.15.0:
    resolution: {integrity: sha512-A9wa6quw4nYIhCDH6rudxSTOAIfSOYU3eME8ZkfP21P+WTxz0pFORFDuBjVAcLhkora3bDc23C8UeloKiiQPOg==}
    engines: {node: '>=12'}
    cpu: [x64]
    os: [android]
    requiresBuild: true
    dev: true
    optional: true

  /esbuild-android-arm64/0.15.0:
    resolution: {integrity: sha512-ujdverhuFUfW99HdF+L9n1wzG950lVL1AJVc1SEbJRaQC22tVq9xXNXkLLq7v4hSZWrdz/MT3hwhnQF0KTMxNg==}
    engines: {node: '>=12'}
    cpu: [arm64]
    os: [android]
    requiresBuild: true
    dev: true
    optional: true

  /esbuild-darwin-64/0.15.0:
    resolution: {integrity: sha512-aA5SVtXCetQ9ChREG8xDdzv43XGbdz+u4AxQgQZrRu0gXD3yJfawfZgquaej3CxVAlrOgBPbu5z+tA5SVhXAxQ==}
    engines: {node: '>=12'}
    cpu: [x64]
    os: [darwin]
    requiresBuild: true
    dev: true
    optional: true

  /esbuild-darwin-arm64/0.15.0:
    resolution: {integrity: sha512-CaxPS5JUQpldeIMVqw0K+vlGfyMphvtIWugPMyXPGTDmUAcWXSha1QRgJ5Fxa9d/cC4DKeC8L8/q7ClzinXxfA==}
    engines: {node: '>=12'}
    cpu: [arm64]
    os: [darwin]
    requiresBuild: true
    dev: true
    optional: true

  /esbuild-freebsd-64/0.15.0:
    resolution: {integrity: sha512-O9yvjry2bmX8sxx42JfwW6g/usZ0e3ndfb3+bquu20qkuEfDodqHNzotOjaKSREvxpw+Ub1zNtXvA/FFekSaOA==}
    engines: {node: '>=12'}
    cpu: [x64]
    os: [freebsd]
    requiresBuild: true
    dev: true
    optional: true

  /esbuild-freebsd-arm64/0.15.0:
    resolution: {integrity: sha512-Zv8bNAG1lYyCtWi+PVndgys6KRBe5hQgD81tK3zdZ6XEitpCPwF8QShYbV8RacG1YBD7aHKSoWKGkT9+5bMGhw==}
    engines: {node: '>=12'}
    cpu: [arm64]
    os: [freebsd]
    requiresBuild: true
    dev: true
    optional: true

  /esbuild-linux-32/0.15.0:
    resolution: {integrity: sha512-QZqCG55D5Wof1WmBJMuihNroLM9S2oDXGkqB0ZHMA67CQw+3cAwWxOKW36n6VFaKiE4MhvUuW7jI+lr2D7nXQQ==}
    engines: {node: '>=12'}
    cpu: [ia32]
    os: [linux]
    requiresBuild: true
    dev: true
    optional: true

  /esbuild-linux-64/0.15.0:
    resolution: {integrity: sha512-cmB2vAUWf9W8768H0DuOi6VUrQPCinx/oYhRbuR1TZj873vg1GTqc55LAh1cYCC0xEMd9MjO4YfI43OX4ewI1w==}
    engines: {node: '>=12'}
    cpu: [x64]
    os: [linux]
    requiresBuild: true
    dev: true
    optional: true

  /esbuild-linux-arm/0.15.0:
    resolution: {integrity: sha512-UyY0Vqd9ngfeWBeJrrqHiXf4ozqXxzNT8ebdNt1ay5hfu/uXes3eVkt1YHP2dcxG/APPE4XDxvKlx0SoSwHP6Q==}
    engines: {node: '>=12'}
    cpu: [arm]
    os: [linux]
    requiresBuild: true
    dev: true
    optional: true

  /esbuild-linux-arm64/0.15.0:
    resolution: {integrity: sha512-bJc8k64Lss+2V8yx9kh4Q48SYPR/k0kxyep2pmvzaGm+AreeMnXI0J33zF4tU/OW9r3pwa74F3/MxF6x275Yhg==}
    engines: {node: '>=12'}
    cpu: [arm64]
    os: [linux]
    requiresBuild: true
    dev: true
    optional: true

  /esbuild-linux-mips64le/0.15.0:
    resolution: {integrity: sha512-NoOxC4a1XfM4/zGBIujIuxhPVWvS6UgqE/ksyjZ6qgHQD9lWVjcEv3iPEKKIuHXPE1s+YHvJrdXVup96aVvflQ==}
    engines: {node: '>=12'}
    cpu: [mips64el]
    os: [linux]
    requiresBuild: true
    dev: true
    optional: true

  /esbuild-linux-ppc64le/0.15.0:
    resolution: {integrity: sha512-OUkEhJAYPaYPvHZxjgnJhWB0qD8q8l1q8CnGLngmPAxb9WZrFwPYmykWBTSqGXeG08stScpkIQXy4HTSF8rH+w==}
    engines: {node: '>=12'}
    cpu: [ppc64]
    os: [linux]
    requiresBuild: true
    dev: true
    optional: true

  /esbuild-linux-riscv64/0.15.0:
    resolution: {integrity: sha512-DuSujKNrdCN+kvA0+BBS/ULaINuOeI0iU9XzhIRtTCR5cFJWd6aQTHluKEc3C/a/ib2KTVNjM21cUHi4Tj0NZA==}
    engines: {node: '>=12'}
    cpu: [riscv64]
    os: [linux]
    requiresBuild: true
    dev: true
    optional: true

  /esbuild-linux-s390x/0.15.0:
    resolution: {integrity: sha512-ttGGhgXRpJbsD+XXS2NIBThuEh8EvAJEnVQ9vzXviniPuvpuwKLFNBRPqtX3gE5o2bUQnh5ZugmDVuD9GW2ROg==}
    engines: {node: '>=12'}
    cpu: [s390x]
    os: [linux]
    requiresBuild: true
    dev: true
    optional: true

  /esbuild-netbsd-64/0.15.0:
    resolution: {integrity: sha512-rb6sIQ/gZeQNrgplSLJ0zLirLwr3vQCzbL1jb0Ypay83Uup2s+OEI+Vw+oJ2SomrhVyOPwk/R4AY713bJKdLsQ==}
    engines: {node: '>=12'}
    cpu: [x64]
    os: [netbsd]
    requiresBuild: true
    dev: true
    optional: true

  /esbuild-openbsd-64/0.15.0:
    resolution: {integrity: sha512-CeU7hw291UJQpNg/oJLefmM9Rdeddo2ya9Vw9hdDrUyZAAZckqVRLDh9t4OdqJuXFdlo6BM2qhZCcY22O7wfGg==}
    engines: {node: '>=12'}
    cpu: [x64]
    os: [openbsd]
    requiresBuild: true
    dev: true
    optional: true

  /esbuild-sunos-64/0.15.0:
    resolution: {integrity: sha512-nE7EcgDw9RT4fR+GJZ5a0spPb2HKT77viCjrGl6GSeb/n3RhxGgVGwPQDI/KRwyVeQMqEOTtHQMNPwNr9TKDDQ==}
    engines: {node: '>=12'}
    cpu: [x64]
    os: [sunos]
    requiresBuild: true
    dev: true
    optional: true

  /esbuild-windows-32/0.15.0:
    resolution: {integrity: sha512-FUPwJmPwBoqe8ShhOMfHtSElh1Nyc3s+Kru3m7lDJCjNr3ctx9YJKuzRsz4UXow6Wo79LMQGNyjysQ7UuKgvHQ==}
    engines: {node: '>=12'}
    cpu: [ia32]
    os: [win32]
    requiresBuild: true
    dev: true
    optional: true

  /esbuild-windows-64/0.15.0:
    resolution: {integrity: sha512-zNM5bSVOY0SzMFB6k3ZdMwg4JmLVLpEmgVd2fU2STDmEOXdY1APAFPVWkbWMtLF/nfLfaJLfps7+IIJgGyQbGA==}
    engines: {node: '>=12'}
    cpu: [x64]
    os: [win32]
    requiresBuild: true
    dev: true
    optional: true

  /esbuild-windows-arm64/0.15.0:
    resolution: {integrity: sha512-sqhmDwUhUULUnViLD7jAqo4FaOhLN/FMW+dFVSvxSTA9pZSr2w6efky91vTWOcTUmspvYyHyOrJmtktp1ffIaw==}
    engines: {node: '>=12'}
    cpu: [arm64]
    os: [win32]
    requiresBuild: true
    dev: true
    optional: true

  /esbuild/0.15.0:
    resolution: {integrity: sha512-UUDSelGc/EOhzn0zpkdhLA3iB+jq2OS5gnMUMz/BqAKBIsWR2fTHqrddNPt2PNj3OUchqcMcTHSUBr+VpYpcsQ==}
    engines: {node: '>=12'}
    hasBin: true
    requiresBuild: true
    optionalDependencies:
      '@esbuild/linux-loong64': 0.15.0
      esbuild-android-64: 0.15.0
      esbuild-android-arm64: 0.15.0
      esbuild-darwin-64: 0.15.0
      esbuild-darwin-arm64: 0.15.0
      esbuild-freebsd-64: 0.15.0
      esbuild-freebsd-arm64: 0.15.0
      esbuild-linux-32: 0.15.0
      esbuild-linux-64: 0.15.0
      esbuild-linux-arm: 0.15.0
      esbuild-linux-arm64: 0.15.0
      esbuild-linux-mips64le: 0.15.0
      esbuild-linux-ppc64le: 0.15.0
      esbuild-linux-riscv64: 0.15.0
      esbuild-linux-s390x: 0.15.0
      esbuild-netbsd-64: 0.15.0
      esbuild-openbsd-64: 0.15.0
      esbuild-sunos-64: 0.15.0
      esbuild-windows-32: 0.15.0
      esbuild-windows-64: 0.15.0
      esbuild-windows-arm64: 0.15.0
    dev: true

  /estree-walker/2.0.2:
    resolution: {integrity: sha512-Rfkk/Mp/DL7JVje3u18FxFujQlTNR2q6QfMSMB7AvCBx91NGj/ba3kCfza0f6dVDbw7YlRf/nDrn7pQrCCyQ/w==}
    dev: false

  /magic-string/0.25.9:
    resolution: {integrity: sha512-RmF0AsMzgt25qzqqLc1+MbHmhdx0ojF2Fvs4XnOqz2ZOBXzzkEwc/dJQZCYHAn7v1jbVOjAZfK8msRn4BxO4VQ==}
    dependencies:
      sourcemap-codec: 1.4.8
    dev: false

  /minimist/1.2.6:
    resolution: {integrity: sha512-Jsjnk4bw3YJqYzbdyBiNsPWHPfO++UGG749Cxs6peCu5Xg4nrena6OVxOYxrQTqww0Jmwt+Ref8rggumkTLz9Q==}
    dev: true

  /nanoid/3.3.4:
    resolution: {integrity: sha512-MqBkQh/OHTS2egovRtLk45wEyNXwF+cokD+1YPf9u5VfJiRdAiRwB2froX5Co9Rh20xs4siNPm8naNotSD6RBw==}
    engines: {node: ^10 || ^12 || ^13.7 || ^14 || >=15.0.1}
    hasBin: true
    dev: false

  /picocolors/1.0.0:
    resolution: {integrity: sha512-1fygroTLlHu66zi26VoTDv8yRgm0Fccecssto+MhsZ0D/DGW2sm8E8AjW7NU5VVTRt5GxbeZ5qBuJr+HyLYkjQ==}
    dev: false

  /postcss/8.4.16:
    resolution: {integrity: sha512-ipHE1XBvKzm5xI7hiHCZJCSugxvsdq2mPnsq5+UF+VHCjiBvtDrlxJfMBToWaP9D5XlgNmcFGqoHmUn0EYEaRQ==}
    engines: {node: ^10 || ^12 || >=14}
    dependencies:
      nanoid: 3.3.4
      picocolors: 1.0.0
      source-map-js: 1.0.2
    dev: false

  /source-map-js/1.0.2:
    resolution: {integrity: sha512-R0XvVJ9WusLiqTCEiGCmICCMplcCkIwwR11mOSD9CR5u+IXYdiseeEuXCVAjS54zqwkLcPNnmU4OeJ6tUrWhDw==}
    engines: {node: '>=0.10.0'}
    dev: false

  /source-map/0.6.1:
    resolution: {integrity: sha512-UjgapumWlbMhkBgzT7Ykc5YXUT46F0iKu8SGXq0bcwP5dz/h0Plj6enJqjz1Zbq2l5WaqYnrVbwWOWMyF3F47g==}
    engines: {node: '>=0.10.0'}
    dev: false

  /sourcemap-codec/1.4.8:
    resolution: {integrity: sha512-9NykojV5Uih4lgo5So5dtw+f0JgJX30KCNI8gwhz2J9A15wD0Ml6tjHKwf6fTSa6fAdVBdZeNOs9eJ71qCk8vA==}
    dev: false

  /to-fast-properties/2.0.0:
    resolution: {integrity: sha512-/OaKK0xYrs3DmxRYqL/yDc+FxFUVYhDlXMhRmv3z915w2HF1tnN1omB354j8VUGO/hbRzyD6Y3sA7v7GS/ceog==}
    engines: {node: '>=4'}
    dev: false

  /typescript/4.7.4:
    resolution: {integrity: sha512-C0WQT0gezHuw6AdY1M2jxUO83Rjf0HP7Sk1DtXj6j1EwkQNZrHAg2XPWlq62oqEhYvONq5pkC2Y9oPljWToLmQ==}
    engines: {node: '>=4.2.0'}
    hasBin: true
    dev: true

  /vue/3.2.37:
    resolution: {integrity: sha512-bOKEZxrm8Eh+fveCqS1/NkG/n6aMidsI6hahas7pa0w/l7jkbssJVsRhVDs07IdDq7h9KHswZOgItnwJAgtVtQ==}
    dependencies:
      '@vue/compiler-dom': 3.2.37
      '@vue/compiler-sfc': 3.2.37
      '@vue/runtime-dom': 3.2.37
      '@vue/server-renderer': 3.2.37_vue@3.2.37
      '@vue/shared': 3.2.37
    dev: false
